
Microsoft Visual Studio Solution File, Format Version 12.00
# Visual Studio Version 17
VisualStudioVersion = 17.9.34728.123
MinimumVisualStudioVersion = 10.0.40219.1
Project("{FAE04EC0-301F-11D3-BF4B-00C04F79EFBC}") = "Assignment_7.1.1", "Assignment_7.1.1\Assignment_7.1.1.csproj", "{5B54789E-087B-49F8-9FBD-021F4CFAB5CB}"
EndProject
Global
	GlobalSection(SolutionConfigurationPlatforms) = preSolution
		Debug|Any CPU = Debug|Any CPU
		Release|Any CPU = Release|Any CPU
	EndGlobalSection
	GlobalSection(ProjectConfigurationPlatforms) = postSolution
		{5B54789E-087B-49F8-9FBD-021F4CFAB5CB}.Debug|Any CPU.ActiveCfg = Debug|Any CPU
		{5B54789E-087B-49F8-9FBD-021F4CFAB5CB}.Debug|Any CPU.Build.0 = Debug|Any CPU
		{5B54789E-087B-49F8-9FBD-021F4CFAB5CB}.Release|Any CPU.ActiveCfg = Release|Any CPU
		{5B54789E-087B-49F8-9FBD-021F4CFAB5CB}.Release|Any CPU.Build.0 = Release|Any CPU
	EndGlobalSection
	GlobalSection(SolutionProperties) = preSolution
		HideSolutionNode = FALSE
	EndGlobalSection
	GlobalSection(ExtensibilityGlobals) = postSolution
		SolutionGuid = {EF39CF1A-E340-4898-9303-C49402A16E36}
	EndGlobalSection
EndGlobal
